<?xml version="1.0" encoding="utf-8"?>
<Project ToolsVersion="4.0" xmlns="http://schemas.microsoft.com/developer/msbuild/2003">
  <ItemGroup>
    <Filter Include="Source Files">
      <UniqueIdentifier>{4FC737F1-C7A5-4376-A066-2A32D752A2FF}</UniqueIdentifier>
      <Extensions>cpp;c;cc;cxx;c++;cppm;ixx;def;odl;idl;hpj;bat;asm;asmx</Extensions>
    </Filter>
    <Filter Include="Header Files">
      <UniqueIdentifier>{93995380-89BD-4b04-88EB-625FBE52EBFB}</UniqueIdentifier>
      <Extensions>h;hh;hpp;hxx;h++;hm;inl;inc;ipp;xsd</Extensions>
    </Filter>
    <Filter Include="Resource Files">
      <UniqueIdentifier>{67DA6AB6-F800-4c08-8B7A-83BB121AAD01}</UniqueIdentifier>
      <Extensions>rc;ico;cur;bmp;dlg;rc2;rct;bin;rgs;gif;jpg;jpeg;jpe;resx;tiff;tif;png;wav;mfcribbon-ms</Extensions>
    </Filter>
    <Filter Include="Header Files\Characters">
      <UniqueIdentifier>{e9eb2ebe-14c0-4804-be70-58ad80da872d}</UniqueIdentifier>
    </Filter>
    <Filter Include="Header Files\Components">
      <UniqueIdentifier>{aabc7796-eb85-4ea9-b85f-58bf12d193ff}</UniqueIdentifier>
    </Filter>
    <Filter Include="Header Files\Observers">
      <UniqueIdentifier>{bdb8c205-09b3-4768-96e4-ed420fbdff89}</UniqueIdentifier>
    </Filter>
  </ItemGroup>
  <ItemGroup>
    <ClCompile Include="QBert.cpp">
      <Filter>Source Files</Filter>
    </ClCompile>
    <ClCompile Include="QBertCharacter.cpp">
      <Filter>Header Files\Characters</Filter>
    </ClCompile>
    <ClCompile Include="Cube.cpp">
      <Filter>Header Files\Components</Filter>
    </ClCompile>
    <ClCompile Include="Pyramid.cpp">
      <Filter>Header Files\Components</Filter>
    </ClCompile>
    <ClCompile Include="LevelObserver.cpp">
      <Filter>Header Files\Observers</Filter>
    </ClCompile>
    <ClCompile Include="QBertCommands.cpp">
      <Filter>Header Files</Filter>
    </ClCompile>
    <ClCompile Include="GameObserver.cpp">
      <Filter>Header Files\Observers</Filter>
    </ClCompile>
    <ClCompile Include="SlickSam.cpp">
      <Filter>Header Files\Characters</Filter>
    </ClCompile>
    <ClCompile Include="Prototype.cpp">
      <Filter>Header Files\Components</Filter>
    </ClCompile>
    <ClCompile Include="UggWrongway.cpp">
      <Filter>Header Files\Characters</Filter>
    </ClCompile>
    <ClCompile Include="Transition.cpp">
      <Filter>Header Files\Components</Filter>
    </ClCompile>
    <ClCompile Include="MoveObserver.cpp">
      <Filter>Source Files</Filter>
    </ClCompile>
  </ItemGroup>
  <ItemGroup>
    <ClInclude Include="QBertCharacter.h">
      <Filter>Header Files\Characters</Filter>
    </ClInclude>
    <ClInclude Include="Cube.h">
      <Filter>Header Files\Components</Filter>
    </ClInclude>
    <ClInclude Include="Pyramid.h">
      <Filter>Header Files\Components</Filter>
    </ClInclude>
    <ClInclude Include="QBertCommands.h">
      <Filter>Header Files</Filter>
    </ClInclude>
    <ClInclude Include="LevelObserver.h">
      <Filter>Header Files\Observers</Filter>
    </ClInclude>
    <ClInclude Include="GameObserver.h">
      <Filter>Header Files\Observers</Filter>
    </ClInclude>
    <ClInclude Include="SlickSam.h">
      <Filter>Header Files\Characters</Filter>
    </ClInclude>
    <ClInclude Include="Prototype.h">
      <Filter>Header Files\Components</Filter>
    </ClInclude>
    <ClInclude Include="UggWrongway.h">
      <Filter>Header Files\Characters</Filter>
    </ClInclude>
    <ClInclude Include="Transition.h">
      <Filter>Header Files\Components</Filter>
    </ClInclude>
    <ClInclude Include="MoveObserver.h">
      <Filter>Header Files</Filter>
    </ClInclude>
  </ItemGroup>
</Project>